# This file is automatically @generated by Cargo.
# It is not intended for manual editing.
[[package]]
name = "aho-corasick"
version = "0.7.14"
source = "registry+https://github.com/rust-lang/crates.io-index"
dependencies = [
 "memchr 2.3.4 (registry+https://github.com/rust-lang/crates.io-index)",
]

[[package]]
name = "fast_woothee"
version = "1.6.0"
dependencies = [
 "rutie 0.8.1 (git+https://github.com/danielpclark/rutie)",
 "woothee 0.11.0 (registry+https://github.com/rust-lang/crates.io-index)",
]

[[package]]
name = "lazy_static"
version = "1.4.0"
source = "registry+https://github.com/rust-lang/crates.io-index"

[[package]]
name = "libc"
version = "0.2.80"
source = "registry+https://github.com/rust-lang/crates.io-index"

[[package]]
name = "memchr"
version = "2.3.4"
source = "registry+https://github.com/rust-lang/crates.io-index"

[[package]]
name = "regex"
version = "1.4.1"
source = "registry+https://github.com/rust-lang/crates.io-index"
dependencies = [
 "aho-corasick 0.7.14 (registry+https://github.com/rust-lang/crates.io-index)",
 "memchr 2.3.4 (registry+https://github.com/rust-lang/crates.io-index)",
 "regex-syntax 0.6.20 (registry+https://github.com/rust-lang/crates.io-index)",
 "thread_local 1.0.1 (registry+https://github.com/rust-lang/crates.io-index)",
]

[[package]]
name = "regex-syntax"
version = "0.6.20"
source = "registry+https://github.com/rust-lang/crates.io-index"

[[package]]
name = "rutie"
version = "0.8.1"
source = "git+https://github.com/danielpclark/rutie#1e59f3751a5f2a841b18dbdd1f9f90cf1c993c17"
dependencies = [
 "lazy_static 1.4.0 (registry+https://github.com/rust-lang/crates.io-index)",
 "libc 0.2.80 (registry+https://github.com/rust-lang/crates.io-index)",
]

[[package]]
name = "thread_local"
version = "1.0.1"
source = "registry+https://github.com/rust-lang/crates.io-index"
dependencies = [
 "lazy_static 1.4.0 (registry+https://github.com/rust-lang/crates.io-index)",
]

[[package]]
name = "woothee"
version = "0.11.0"
source = "registry+https://github.com/rust-lang/crates.io-index"
dependencies = [
 "lazy_static 1.4.0 (registry+https://github.com/rust-lang/crates.io-index)",
 "regex 1.4.1 (registry+https://github.com/rust-lang/crates.io-index)",
]

[metadata]
"checksum aho-corasick 0.7.14 (registry+https://github.com/rust-lang/crates.io-index)" = "b476ce7103678b0c6d3d395dbbae31d48ff910bd28be979ba5d48c6351131d0d"
"checksum lazy_static 1.4.0 (registry+https://github.com/rust-lang/crates.io-index)" = "e2abad23fbc42b3700f2f279844dc832adb2b2eb069b2df918f455c4e18cc646"
"checksum libc 0.2.80 (registry+https://github.com/rust-lang/crates.io-index)" = "4d58d1b70b004888f764dfbf6a26a3b0342a1632d33968e4a179d8011c760614"
"checksum memchr 2.3.4 (registry+https://github.com/rust-lang/crates.io-index)" = "0ee1c47aaa256ecabcaea351eae4a9b01ef39ed810004e298d2511ed284b1525"
"checksum regex 1.4.1 (registry+https://github.com/rust-lang/crates.io-index)" = "8963b85b8ce3074fecffde43b4b0dded83ce2f367dc8d363afc56679f3ee820b"
"checksum regex-syntax 0.6.20 (registry+https://github.com/rust-lang/crates.io-index)" = "8cab7a364d15cde1e505267766a2d3c4e22a843e1a601f0fa7564c0f82ced11c"
"checksum rutie 0.8.1 (git+https://github.com/danielpclark/rutie)" = "<none>"
"checksum thread_local 1.0.1 (registry+https://github.com/rust-lang/crates.io-index)" = "d40c6d1b69745a6ec6fb1ca717914848da4b44ae29d9b3080cbee91d72a69b14"
"checksum woothee 0.11.0 (registry+https://github.com/rust-lang/crates.io-index)" = "89d5a45c5d9c772e577c263597681448fd91a46aed911783394eec396e45d4ee"
